// !$*UTF8*$!
{
	archiveVersion = 1;
	classes = {
	};
	objectVersion = 46;
	objects = {

/* Begin PBXBuildFile section */
		56A8BAEA1C0D84AE0057996E /* AppDelegate.swift in Sources */ = {isa = PBXBuildFile; fileRef = 56A8BAE91C0D84AE0057996E /* AppDelegate.swift */; };
		56A8BAEC1C0D84AE0057996E /* ViewController.swift in Sources */ = {isa = PBXBuildFile; fileRef = 56A8BAEB1C0D84AE0057996E /* ViewController.swift */; };
		56A8BAEF1C0D84AE0057996E /* Main.storyboard in Resources */ = {isa = PBXBuildFile; fileRef = 56A8BAED1C0D84AE0057996E /* Main.storyboard */; };
		56A8BAF11C0D84AE0057996E /* Assets.xcassets in Resources */ = {isa = PBXBuildFile; fileRef = 56A8BAF01C0D84AE0057996E /* Assets.xcassets */; };
		56A8BAF41C0D84AE0057996E /* LaunchScreen.storyboard in Resources */ = {isa = PBXBuildFile; fileRef = 56A8BAF21C0D84AE0057996E /* LaunchScreen.storyboard */; };
		56A8BAFF1C0D84AE0057996E /* CalculatorTests.swift in Sources */ = {isa = PBXBuildFile; fileRef = 56A8BAFE1C0D84AE0057996E /* CalculatorTests.swift */; };
		56A8BB0A1C0D84AE0057996E /* CalculatorUITests.swift in Sources */ = {isa = PBXBuildFile; fileRef = 56A8BB091C0D84AE0057996E /* CalculatorUITests.swift */; };
		56A8BB181C15F2F90057996E /* CalculatorBrain.swift in Sources */ = {isa = PBXBuildFile; fileRef = 56A8BB171C15F2F90057996E /* CalculatorBrain.swift */; };
/* End PBXBuildFile section */

/* Begin PBXContainerItemProxy section */
		56A8BAFB1C0D84AE0057996E /* PBXContainerItemProxy */ = {
			isa = PBXContainerItemProxy;
			containerPortal = 56A8BADE1C0D84AE0057996E /* Project object */;
			proxyType = 1;
			remoteGlobalIDString = 56A8BAE51C0D84AE0057996E;
			remoteInfo = Calculator;
		};
		56A8BB061C0D84AE0057996E /* PBXContainerItemProxy */ = {
			isa = PBXContainerItemProxy;
			containerPortal = 56A8BADE1C0D84AE0057996E /* Project object */;
			proxyType = 1;
			remoteGlobalIDString = 56A8BAE51C0D84AE0057996E;
			remoteInfo = Calculator;
		};
/* End PBXContainerItemProxy section */

/* Begin PBXFileReference section */
		56A8BAE61C0D84AE0057996E /* Calculator.app */ = {isa = PBXFileReference; explicitFileType = wrapper.application; includeInIndex = 0; path = Calculator.app; sourceTree = BUILT_PRODUCTS_DIR; };
		56A8BAE91C0D84AE0057996E /* AppDelegate.swift */ = {isa = PBXFileReference; lastKnownFileType = sourcecode.swift; path = AppDelegate.swift; sourceTree = "<group>"; };
		56A8BAEB1C0D84AE0057996E /* ViewController.swift */ = {isa = PBXFileReference; lastKnownFileType = sourcecode.swift; path = ViewController.swift; sourceTree = "<group>"; };
		56A8BAEE1C0D84AE0057996E /* Base */ = {isa = PBXFileReference; lastKnownFileType = file.storyboard; name = Base; path = Base.lproj/Main.storyboard; sourceTree = "<group>"; };
		56A8BAF01C0D84AE0057996E /* Assets.xcassets */ = {isa = PBXFileReference; lastKnownFileType = folder.assetcatalog; path = Assets.xcassets; sourceTree = "<group>"; };
		56A8BAF31C0D84AE0057996E /* Base */ = {isa = PBXFileReference; lastKnownFileType = file.storyboard; name = Base; path = Base.lproj/LaunchScreen.storyboard; sourceTree = "<group>"; };
		56A8BAF51C0D84AE0057996E /* Info.plist */ = {isa = PBXFileReference; lastKnownFileType = text.plist.xml; path = Info.plist; sourceTree = "<group>"; };
		56A8BAFA1C0D84AE0057996E /* CalculatorTests.xctest */ = {isa = PBXFileReference; explicitFileType = wrapper.cfbundle; includeInIndex = 0; path = CalculatorTests.xctest; sourceTree = BUILT_PRODUCTS_DIR; };
		56A8BAFE1C0D84AE0057996E /* CalculatorTests.swift */ = {isa = PBXFileReference; lastKnownFileType = sourcecode.swift; path = CalculatorTests.swift; sourceTree = "<group>"; };
		56A8BB001C0D84AE0057996E /* Info.plist */ = {isa = PBXFileReference; lastKnownFileType = text.plist.xml; path = Info.plist; sourceTree = "<group>"; };
		56A8BB051C0D84AE0057996E /* CalculatorUITests.xctest */ = {isa = PBXFileReference; explicitFileType = wrapper.cfbundle; includeInIndex = 0; path = CalculatorUITests.xctest; sourceTree = BUILT_PRODUCTS_DIR; };
		56A8BB091C0D84AE0057996E /* CalculatorUITests.swift */ = {isa = PBXFileReference; lastKnownFileType = sourcecode.swift; path = CalculatorUITests.swift; sourceTree = "<group>"; };
		56A8BB0B1C0D84AE0057996E /* Info.plist */ = {isa = PBXFileReference; lastKnownFileType = text.plist.xml; path = Info.plist; sourceTree = "<group>"; };
		56A8BB171C15F2F90057996E /* CalculatorBrain.swift */ = {isa = PBXFileReference; fileEncoding = 4; lastKnownFileType = sourcecode.swift; path = CalculatorBrain.swift; sourceTree = SOURCE_ROOT; };
/* End PBXFileReference section */

/* Begin PBXFrameworksBuildPhase section */
		56A8BAE31C0D84AE0057996E /* Frameworks */ = {
			isa = PBXFrameworksBuildPhase;
			buildActionMask = 2147483647;
			files = (
			);
			runOnlyForDeploymentPostprocessing = 0;
		};
		56A8BAF71C0D84AE0057996E /* Frameworks */ = {
			isa = PBXFrameworksBuildPhase;
			buildActionMask = 2147483647;
			files = (
			);
			runOnlyForDeploymentPostprocessing = 0;
		};
		56A8BB021C0D84AE0057996E /* Frameworks */ = {
			isa = PBXFrameworksBuildPhase;
			buildActionMask = 2147483647;
			files = (
			);
			runOnlyForDeploymentPostprocessing = 0;
		};
/* End PBXFrameworksBuildPhase section */

/* Begin PBXGroup section */
		56A8BADD1C0D84AE0057996E = {
			isa = PBXGroup;
			children = (
				56A8BAE81C0D84AE0057996E /* Calculator */,
				56A8BAFD1C0D84AE0057996E /* CalculatorTests */,
				56A8BB081C0D84AE0057996E /* CalculatorUITests */,
				56A8BAE71C0D84AE0057996E /* Products */,
			);
			sourceTree = "<group>";
		};
		56A8BAE71C0D84AE0057996E /* Products */ = {
			isa = PBXGroup;
			children = (
				56A8BAE61C0D84AE0057996E /* Calculator.app */,
				56A8BAFA1C0D84AE0057996E /* CalculatorTests.xctest */,
				56A8BB051C0D84AE0057996E /* CalculatorUITests.xctest */,
			);
			name = Products;
			sourceTree = "<group>";
		};
		56A8BAE81C0D84AE0057996E /* Calculator */ = {
			isa = PBXGroup;
			children = (
				56A8BB171C15F2F90057996E /* CalculatorBrain.swift */,
				56A8BAE91C0D84AE0057996E /* AppDelegate.swift */,
				56A8BAEB1C0D84AE0057996E /* ViewController.swift */,
				56A8BAED1C0D84AE0057996E /* Main.storyboard */,
				56A8BAF01C0D84AE0057996E /* Assets.xcassets */,
				56A8BAF21C0D84AE0057996E /* LaunchScreen.storyboard */,
				56A8BAF51C0D84AE0057996E /* Info.plist */,
			);
			path = Calculator;
			sourceTree = "<group>";
		};
		56A8BAFD1C0D84AE0057996E /* CalculatorTests */ = {
			isa = PBXGroup;
			children = (
				56A8BAFE1C0D84AE0057996E /* CalculatorTests.swift */,
				56A8BB001C0D84AE0057996E /* Info.plist */,
			);
			path = CalculatorTests;
			sourceTree = "<group>";
		};
		56A8BB081C0D84AE0057996E /* CalculatorUITests */ = {
			isa = PBXGroup;
			children = (
				56A8BB091C0D84AE0057996E /* CalculatorUITests.swift */,
				56A8BB0B1C0D84AE0057996E /* Info.plist */,
			);
			path = CalculatorUITests;
			sourceTree = "<group>";
		};
/* End PBXGroup section */

/* Begin PBXNativeTarget section */
		56A8BAE51C0D84AE0057996E /* Calculator */ = {
			isa = PBXNativeTarget;
			buildConfigurationList = 56A8BB0E1C0D84AE0057996E /* Build configuration list for PBXNativeTarget "Calculator" */;
			buildPhases = (
				56A8BAE21C0D84AE0057996E /* Sources */,
				56A8BAE31C0D84AE0057996E /* Frameworks */,
				56A8BAE41C0D84AE0057996E /* Resources */,
			);
			buildRules = (
			);
			dependencies = (
			);
			name = Calculator;
			productName = Calculator;
			productReference = 56A8BAE61C0D84AE0057996E /* Calculator.app */;
			productType = "com.apple.product-type.application";
		};
		56A8BAF91C0D84AE0057996E /* CalculatorTests */ = {
			isa = PBXNativeTarget;
			buildConfigurationList = 56A8BB111C0D84AE0057996E /* Build configuration list for PBXNativeTarget "CalculatorTests" */;
			buildPhases = (
				56A8BAF61C0D84AE0057996E /* Sources */,
				56A8BAF71C0D84AE0057996E /* Frameworks */,
				56A8BAF81C0D84AE0057996E /* Resources */,
			);
			buildRules = (
			);
			dependencies = (
				56A8BAFC1C0D84AE0057996E /* PBXTargetDependency */,
			);
			name = CalculatorTests;
			productName = CalculatorTests;
			productReference = 56A8BAFA1C0D84AE0057996E /* CalculatorTests.xctest */;
			productType = "com.apple.product-type.bundle.unit-test";
		};
		56A8BB041C0D84AE0057996E /* CalculatorUITests */ = {
			isa = PBXNativeTarget;
			buildConfigurationList = 56A8BB141C0D84AE0057996E /* Build configuration list for PBXNativeTarget "CalculatorUITests" */;
			buildPhases = (
				56A8BB011C0D84AE0057996E /* Sources */,
				56A8BB021C0D84AE0057996E /* Frameworks */,
				56A8BB031C0D84AE0057996E /* Resources */,
			);
			buildRules = (
			);
			dependencies = (
				56A8BB071C0D84AE0057996E /* PBXTargetDependency */,
			);
			name = CalculatorUITests;
			productName = CalculatorUITests;
			productReference = 56A8BB051C0D84AE0057996E /* CalculatorUITests.xctest */;
			productType = "com.apple.product-type.bundle.ui-testing";
		};
/* End PBXNativeTarget section */

/* Begin PBXProject section */
		56A8BADE1C0D84AE0057996E /* Project object */ = {
			isa = PBXProject;
			attributes = {
				LastSwiftUpdateCheck = 0710;
				LastUpgradeCheck = 0710;
				ORGANIZATIONNAME = LiuFlueg;
				TargetAttributes = {
					56A8BAE51C0D84AE0057996E = {
						CreatedOnToolsVersion = 7.1.1;
						DevelopmentTeam = L6PJ2HPULD;
					};
					56A8BAF91C0D84AE0057996E = {
						CreatedOnToolsVersion = 7.1.1;
						TestTargetID = 56A8BAE51C0D84AE0057996E;
					};
					56A8BB041C0D84AE0057996E = {
						CreatedOnToolsVersion = 7.1.1;
						TestTargetID = 56A8BAE51C0D84AE0057996E;
					};
				};
			};
			buildConfigurationList = 56A8BAE11C0D84AE0057996E /* Build configuration list for PBXProject "Calculator" */;
			compatibilityVersion = "Xcode 3.2";
			developmentRegion = English;
			hasScannedForEncodings = 0;
			knownRegions = (
				en,
				Base,
			);
			mainGroup = 56A8BADD1C0D84AE0057996E;
			productRefGroup = 56A8BAE71C0D84AE0057996E /* Products */;
			projectDirPath = "";
			projectRoot = "";
			targets = (
				56A8BAE51C0D84AE0057996E /* Calculator */,
				56A8BAF91C0D84AE0057996E /* CalculatorTests */,
				56A8BB041C0D84AE0057996E /* CalculatorUITests */,
			);
		};
/* End PBXProject section */

/* Begin PBXResourcesBuildPhase section */
		56A8BAE41C0D84AE0057996E /* Resources */ = {
			isa = PBXResourcesBuildPhase;
			buildActionMask = 2147483647;
			files = (
				56A8BAF41C0D84AE0057996E /* LaunchScreen.storyboard in Resources */,
				56A8BAF11C0D84AE0057996E /* Assets.xcassets in Resources */,
				56A8BAEF1C0D84AE0057996E /* Main.storyboard in Resources */,
			);
			runOnlyForDeploymentPostprocessing = 0;
		};
		56A8BAF81C0D84AE0057996E /* Resources */ = {
			isa = PBXResourcesBuildPhase;
			buildActionMask = 2147483647;
			files = (
			);
			runOnlyForDeploymentPostprocessing = 0;
		};
		56A8BB031C0D84AE0057996E /* Resources */ = {
			isa = PBXResourcesBuildPhase;
			buildActionMask = 2147483647;
			files = (
			);
			runOnlyForDeploymentPostprocessing = 0;
		};
/* End PBXResourcesBuildPhase section */

/* Begin PBXSourcesBuildPhase section */
		56A8BAE21C0D84AE0057996E /* Sources */ = {
			isa = PBXSourcesBuildPhase;
			buildActionMask = 2147483647;
			files = (
				56A8BB181C15F2F90057996E /* CalculatorBrain.swift in Sources */,
				56A8BAEC1C0D84AE0057996E /* ViewController.swift in Sources */,
				56A8BAEA1C0D84AE0057996E /* AppDelegate.swift in Sources */,
			);
			runOnlyForDeploymentPostprocessing = 0;
		};
		56A8BAF61C0D84AE0057996E /* Sources */ = {
			isa = PBXSourcesBuildPhase;
			buildActionMask = 2147483647;
			files = (
				56A8BAFF1C0D84AE0057996E /* CalculatorTests.swift in Sources */,
			);
			runOnlyForDeploymentPostprocessing = 0;
		};
		56A8BB011C0D84AE0057996E /* Sources */ = {
			isa = PBXSourcesBuildPhase;
			buildActionMask = 2147483647;
			files = (
				56A8BB0A1C0D84AE0057996E /* CalculatorUITests.swift in Sources */,
			);
			runOnlyForDeploymentPostprocessing = 0;
		};
/* End PBXSourcesBuildPhase section */

/* Begin PBXTargetDependency section */
		56A8BAFC1C0D84AE0057996E /* PBXTargetDependency */ = {
			isa = PBXTargetDependency;
			target = 56A8BAE51C0D84AE0057996E /* Calculator */;
			targetProxy = 56A8BAFB1C0D84AE0057996E /* PBXContainerItemProxy */;
		};
		56A8BB071C0D84AE0057996E /* PBXTargetDependency */ = {
			isa = PBXTargetDependency;
			target = 56A8BAE51C0D84AE0057996E /* Calculator */;
			targetProxy = 56A8BB061C0D84AE0057996E /* PBXContainerItemProxy */;
		};
/* End PBXTargetDependency section */

/* Begin PBXVariantGroup section */
		56A8BAED1C0D84AE0057996E /* Main.storyboard */ = {
			isa = PBXVariantGroup;
			children = (
				56A8BAEE1C0D84AE0057996E /* Base */,
			);
			name = Main.storyboard;
			sourceTree = "<group>";
		};
		56A8BAF21C0D84AE0057996E /* LaunchScreen.storyboard */ = {
			isa = PBXVariantGroup;
			children = (
				56A8BAF31C0D84AE0057996E /* Base */,
			);
			name = LaunchScreen.storyboard;
			sourceTree = "<group>";
		};
/* End PBXVariantGroup section */

/* Begin XCBuildConfiguration section */
		56A8BB0C1C0D84AE0057996E /* Debug */ = {
			isa = XCBuildConfiguration;
			buildSettings = {
				ALWAYS_SEARCH_USER_PATHS = NO;
				CLANG_CXX_LANGUAGE_STANDARD = "gnu++0x";
				CLANG_CXX_LIBRARY = "libc++";
				CLANG_ENABLE_MODULES = YES;
				CLANG_ENABLE_OBJC_ARC = YES;
				CLANG_WARN_BOOL_CONVERSION = YES;
				CLANG_WARN_CONSTANT_CONVERSION = YES;
				CLANG_WARN_DIRECT_OBJC_ISA_USAGE = YES_ERROR;
				CLANG_WARN_EMPTY_BODY = YES;
				CLANG_WARN_ENUM_CONVERSION = YES;
				CLANG_WARN_INT_CONVERSION = YES;
				CLANG_WARN_OBJC_ROOT_CLASS = YES_ERROR;
				CLANG_WARN_UNREACHABLE_CODE = YES;
				CLANG_WARN__DUPLICATE_METHOD_MATCH = YES;
				"CODE_SIGN_IDENTITY[sdk=iphoneos*]" = "iPhone Developer";
				COPY_PHASE_STRIP = NO;
				DEBUG_INFORMATION_FORMAT = dwarf;
				ENABLE_STRICT_OBJC_MSGSEND = YES;
				ENABLE_TESTABILITY = YES;
				GCC_C_LANGUAGE_STANDARD = gnu99;
				GCC_DYNAMIC_NO_PIC = NO;
				GCC_NO_COMMON_BLOCKS = YES;
				GCC_OPTIMIZATION_LEVEL = 0;
				GCC_PREPROCESSOR_DEFINITIONS = (
					"DEBUG=1",
					"$(inherited)",
				);
				GCC_WARN_64_TO_32_BIT_CONVERSION = YES;
				GCC_WARN_ABOUT_RETURN_TYPE = YES_ERROR;
				GCC_WARN_UNDECLARED_SELECTOR = YES;
				GCC_WARN_UNINITIALIZED_AUTOS = YES_AGGRESSIVE;
				GCC_WARN_UNUSED_FUNCTION = YES;
				GCC_WARN_UNUSED_VARIABLE = YES;
				IPHONEOS_DEPLOYMENT_TARGET = 9.1;
				MTL_ENABLE_DEBUG_INFO = YES;
				ONLY_ACTIVE_ARCH = YES;
				SDKROOT = iphoneos;
				SWIFT_OPTIMIZATION_LEVEL = "-Onone";
			};
			name = Debug;
		};
		56A8BB0D1C0D84AE0057996E /* Release */ = {
			isa = XCBuildConfiguration;
			buildSettings = {
				ALWAYS_SEARCH_USER_PATHS = NO;
				CLANG_CXX_LANGUAGE_STANDARD = "gnu++0x";
				CLANG_CXX_LIBRARY = "libc++";
				CLANG_ENABLE_MODULES = YES;
				CLANG_ENABLE_OBJC_ARC = YES;
				CLANG_WARN_BOOL_CONVERSION = YES;
				CLANG_WARN_CONSTANT_CONVERSION = YES;
				CLANG_WARN_DIRECT_OBJC_ISA_USAGE = YES_ERROR;
				CLANG_WARN_EMPTY_BODY = YES;
				CLANG_WARN_ENUM_CONVERSION = YES;
				CLANG_WARN_INT_CONVERSION = YES;
				CLANG_WARN_OBJC_ROOT_CLASS = YES_ERROR;
				CLANG_WARN_UNREACHABLE_CODE = YES;
				CLANG_WARN__DUPLICATE_METHOD_MATCH = YES;
				"CODE_SIGN_IDENTITY[sdk=iphoneos*]" = "iPhone Developer";
				COPY_PHASE_STRIP = NO;
				DEBUG_INFORMATION_FORMAT = "dwarf-with-dsym";
				ENABLE_NS_ASSERTIONS = NO;
				ENABLE_STRICT_OBJC_MSGSEND = YES;
				GCC_C_LANGUAGE_STANDARD = gnu99;
				GCC_NO_COMMON_BLOCKS = YES;
				GCC_WARN_64_TO_32_BIT_CONVERSION = YES;
				GCC_WARN_ABOUT_RETURN_TYPE = YES_ERROR;
				GCC_WARN_UNDECLARED_SELECTOR = YES;
				GCC_WARN_UNINITIALIZED_AUTOS = YES_AGGRESSIVE;
				GCC_WARN_UNUSED_FUNCTION = YES;
				GCC_WARN_UNUSED_VARIABLE = YES;
				IPHONEOS_DEPLOYMENT_TARGET = 9.1;
				MTL_ENABLE_DEBUG_INFO = NO;
				SDKROOT = iphoneos;
				VALIDATE_PRODUCT = YES;
			};
			name = Release;
		};
		56A8BB0F1C0D84AE0057996E /* Debug */ = {
			isa = XCBuildConfiguration;
			buildSettings = {
				ASSETCATALOG_COMPILER_APPICON_NAME = AppIcon;
				CODE_SIGN_IDENTITY = "iPhone Developer";
				"CODE_SIGN_IDENTITY[sdk=iphoneos*]" = "iPhone Developer";
				INFOPLIST_FILE = Calculator/Info.plist;
				LD_RUNPATH_SEARCH_PATHS = "$(inherited) @executable_path/Frameworks";
				PRODUCT_BUNDLE_IDENTIFIER = com.fluegliu.instrctors.Calculator;
				PRODUCT_NAME = "$(TARGET_NAME)";
				PROVISIONING_PROFILE = "";
			};
			name = Debug;
		};
		56A8BB101C0D84AE0057996E /* Release */ = {
			isa = XCBuildConfiguration;
			buildSettings = {
				ASSETCATALOG_COMPILER_APPICON_NAME = AppIcon;
				CODE_SIGN_IDENTITY = "iPhone Developer";
				"CODE_SIGN_IDENTITY[sdk=iphoneos*]" = "iPhone Developer";
				INFOPLIST_FILE = Calculator/Info.plist;
				LD_RUNPATH_SEARCH_PATHS = "$(inherited) @executable_path/Frameworks";
				PRODUCT_BUNDLE_IDENTIFIER = com.fluegliu.instrctors.Calculator;
				PRODUCT_NAME = "$(TARGET_NAME)";
				PROVISIONING_PROFILE = "";
			};
			name = Release;
		};
		56A8BB121C0D84AE0057996E /* Debug */ = {
			isa = XCBuildConfiguration;
			buildSettings = {
				BUNDLE_LOADER = "$(TEST_HOST)";
				INFOPLIST_FILE = CalculatorTests/Info.plist;
				LD_RUNPATH_SEARCH_PATHS = "$(inherited) @executable_path/Frameworks @loader_path/Frameworks";
				PRODUCT_BUNDLE_IDENTIFIER = com.fluegliu.instrctors.CalculatorTests;
				PRODUCT_NAME = "$(TARGET_NAME)";
				TEST_HOST = "$(BUILT_PRODUCTS_DIR)/Calculator.app/Calculator";
			};
			name = Debug;
		};
		56A8BB131C0D84AE0057996E /* Release */ = {
			isa = XCBuildConfiguration;
			buildSettings = {
				BUNDLE_LOADER = "$(TEST_HOST)";
				INFOPLIST_FILE = CalculatorTests/Info.plist;
				LD_RUNPATH_SEARCH_PATHS = "$(inherited) @executable_path/Frameworks @loader_path/Frameworks";
				PRODUCT_BUNDLE_IDENTIFIER = com.fluegliu.instrctors.CalculatorTests;
				PRODUCT_NAME = "$(TARGET_NAME)";
				TEST_HOST = "$(BUILT_PRODUCTS_DIR)/Calculator.app/Calculator";
			};
			name = Release;
		};
		56A8BB151C0D84AE0057996E /* Debug */ = {
			isa = XCBuildConfiguration;
			buildSettings = {
				INFOPLIST_FILE = CalculatorUITests/Info.plist;
				LD_RUNPATH_SEARCH_PATHS = "$(inherited) @executable_path/Frameworks @loader_path/Frameworks";
				PRODUCT_BUNDLE_IDENTIFIER = com.fluegliu.instrctors.CalculatorUITests;
				PRODUCT_NAME = "$(TARGET_NAME)";
				TEST_TARGET_NAME = Calculator;
				USES_XCTRUNNER = YES;
			};
			name = Debug;
		};
		56A8BB161C0D84AE0057996E /* Release */ = {
			isa = XCBuildConfiguration;
			buildSettings = {
				INFOPLIST_FILE = CalculatorUITests/Info.plist;
				LD_RUNPATH_SEARCH_PATHS = "$(inherited) @executable_path/Frameworks @loader_path/Frameworks";
				PRODUCT_BUNDLE_IDENTIFIER = com.fluegliu.instrctors.CalculatorUITests;
				PRODUCT_NAME = "$(TARGET_NAME)";
				TEST_TARGET_NAME = Calculator;
				USES_XCTRUNNER = YES;
			};
			name = Release;
		};
/* End XCBuildConfiguration section */

/* Begin XCConfigurationList section */
		56A8BAE11C0D84AE0057996E /* Build configuration list for PBXProject "Calculator" */ = {
			isa = XCConfigurationList;
			buildConfigurations = (
				56A8BB0C1C0D84AE0057996E /* Debug */,
				56A8BB0D1C0D84AE0057996E /* Release */,
			);
			defaultConfigurationIsVisible = 0;
			defaultConfigurationName = Release;
		};
		56A8BB0E1C0D84AE0057996E /* Build configuration list for PBXNativeTarget "Calculator" */ = {
			isa = XCConfigurationList;
			buildConfigurations = (
				56A8BB0F1C0D84AE0057996E /* Debug */,
				56A8BB101C0D84AE0057996E /* Release */,
			);
			defaultConfigurationIsVisible = 0;
			defaultConfigurationName = Release;
		};
		56A8BB111C0D84AE0057996E /* Build configuration list for PBXNativeTarget "CalculatorTests" */ = {
			isa = XCConfigurationList;
			buildConfigurations = (
				56A8BB121C0D84AE0057996E /* Debug */,
				56A8BB131C0D84AE0057996E /* Release */,
			);
			defaultConfigurationIsVisible = 0;
			defaultConfigurationName = Release;
		};
		56A8BB141C0D84AE0057996E /* Build configuration list for PBXNativeTarget "CalculatorUITests" */ = {
			isa = XCConfigurationList;
			buildConfigurations = (
				56A8BB151C0D84AE0057996E /* Debug */,
				56A8BB161C0D84AE0057996E /* Release */,
			);
			defaultConfigurationIsVisible = 0;
			defaultConfigurationName = Release;
		};
/* End XCConfigurationList section */
	};
	rootObject = 56A8BADE1C0D84AE0057996E /* Project object */;
}
